// !$*UTF8*$!
{
	archiveVersion = 1;
	classes = {
	};
	objectVersion = 46;
	objects = {

/* Begin PBXBuildFile section */
		2208C5C51BBB93500087E663 /* AppDelegate.swift in Sources */ = {isa = PBXBuildFile; fileRef = 2208C5C41BBB93500087E663 /* AppDelegate.swift */; };
		2208C5C71BBB93500087E663 /* StartViewController.swift in Sources */ = {isa = PBXBuildFile; fileRef = 2208C5C61BBB93500087E663 /* StartViewController.swift */; };
		2208C5CA1BBB93500087E663 /* Main.storyboard in Resources */ = {isa = PBXBuildFile; fileRef = 2208C5C81BBB93500087E663 /* Main.storyboard */; };
		2208C5CC1BBB93500087E663 /* Images.xcassets in Resources */ = {isa = PBXBuildFile; fileRef = 2208C5CB1BBB93500087E663 /* Images.xcassets */; };
		2208C5CF1BBB93500087E663 /* LaunchScreen.xib in Resources */ = {isa = PBXBuildFile; fileRef = 2208C5CD1BBB93500087E663 /* LaunchScreen.xib */; };
		2208C5DB1BBB93500087E663 /* TraverseTests.swift in Sources */ = {isa = PBXBuildFile; fileRef = 2208C5DA1BBB93500087E663 /* TraverseTests.swift */; };
		2208C5EE1BBBA4E90087E663 /* Theo.framework in Frameworks */ = {isa = PBXBuildFile; fileRef = 2208C5EB1BBBA4D70087E663 /* Theo.framework */; };
		2208C5F01BBBA5000087E663 /* Theo.framework in Copy Frameworks */ = {isa = PBXBuildFile; fileRef = 2208C5EB1BBBA4D70087E663 /* Theo.framework */; settings = {ATTRIBUTES = (CodeSignOnCopy, RemoveHeadersOnCopy, ); }; };
		2208C5F51BBBA52E0087E663 /* Relationship.swift in Sources */ = {isa = PBXBuildFile; fileRef = 2208C5F21BBBA52E0087E663 /* Relationship.swift */; };
		2208C5F61BBBA52E0087E663 /* Node.swift in Sources */ = {isa = PBXBuildFile; fileRef = 2208C5F31BBBA52E0087E663 /* Node.swift */; };
		2208C5F71BBBA52E0087E663 /* Cypher.swift in Sources */ = {isa = PBXBuildFile; fileRef = 2208C5F41BBBA52E0087E663 /* Cypher.swift */; };
		2208C5FB1BBBA5360087E663 /* Request.swift in Sources */ = {isa = PBXBuildFile; fileRef = 2208C5F81BBBA5360087E663 /* Request.swift */; };
		2208C5FC1BBBA5360087E663 /* Session.swift in Sources */ = {isa = PBXBuildFile; fileRef = 2208C5F91BBBA5360087E663 /* Session.swift */; };
		2208C5FD1BBBA5360087E663 /* Client.swift in Sources */ = {isa = PBXBuildFile; fileRef = 2208C5FA1BBBA5360087E663 /* Client.swift */; };
/* End PBXBuildFile section */

/* Begin PBXContainerItemProxy section */
		2208C5D51BBB93500087E663 /* PBXContainerItemProxy */ = {
			isa = PBXContainerItemProxy;
			containerPortal = 2208C5B71BBB93500087E663 /* Project object */;
			proxyType = 1;
			remoteGlobalIDString = 2208C5BE1BBB93500087E663;
			remoteInfo = Traverse;
		};
		2208C5EA1BBBA4D70087E663 /* PBXContainerItemProxy */ = {
			isa = PBXContainerItemProxy;
			containerPortal = 2208C5E51BBBA4D70087E663 /* Theo.xcodeproj */;
			proxyType = 2;
			remoteGlobalIDString = 01FB2CC019C7DAB800D429E7;
			remoteInfo = Theo;
		};
		2208C5EC1BBBA4D70087E663 /* PBXContainerItemProxy */ = {
			isa = PBXContainerItemProxy;
			containerPortal = 2208C5E51BBBA4D70087E663 /* Theo.xcodeproj */;
			proxyType = 2;
			remoteGlobalIDString = 01FB2CCB19C7DAB800D429E7;
			remoteInfo = TheoTests;
		};
/* End PBXContainerItemProxy section */

/* Begin PBXCopyFilesBuildPhase section */
		2208C5EF1BBBA4EE0087E663 /* Copy Frameworks */ = {
			isa = PBXCopyFilesBuildPhase;
			buildActionMask = 2147483647;
			dstPath = "";
			dstSubfolderSpec = 10;
			files = (
				2208C5F01BBBA5000087E663 /* Theo.framework in Copy Frameworks */,
			);
			name = "Copy Frameworks";
			runOnlyForDeploymentPostprocessing = 0;
		};
/* End PBXCopyFilesBuildPhase section */

/* Begin PBXFileReference section */
		2208C5BF1BBB93500087E663 /* Traverse.app */ = {isa = PBXFileReference; explicitFileType = wrapper.application; includeInIndex = 0; path = Traverse.app; sourceTree = BUILT_PRODUCTS_DIR; };
		2208C5C31BBB93500087E663 /* Info.plist */ = {isa = PBXFileReference; lastKnownFileType = text.plist.xml; path = Info.plist; sourceTree = "<group>"; };
		2208C5C41BBB93500087E663 /* AppDelegate.swift */ = {isa = PBXFileReference; lastKnownFileType = sourcecode.swift; path = AppDelegate.swift; sourceTree = "<group>"; };
		2208C5C61BBB93500087E663 /* StartViewController.swift */ = {isa = PBXFileReference; lastKnownFileType = sourcecode.swift; path = StartViewController.swift; sourceTree = "<group>"; };
		2208C5C91BBB93500087E663 /* Base */ = {isa = PBXFileReference; lastKnownFileType = file.storyboard; name = Base; path = Base.lproj/Main.storyboard; sourceTree = "<group>"; };
		2208C5CB1BBB93500087E663 /* Images.xcassets */ = {isa = PBXFileReference; lastKnownFileType = folder.assetcatalog; path = Images.xcassets; sourceTree = "<group>"; };
		2208C5CE1BBB93500087E663 /* Base */ = {isa = PBXFileReference; lastKnownFileType = file.xib; name = Base; path = Base.lproj/LaunchScreen.xib; sourceTree = "<group>"; };
		2208C5D41BBB93500087E663 /* TraverseTests.xctest */ = {isa = PBXFileReference; explicitFileType = wrapper.cfbundle; includeInIndex = 0; path = TraverseTests.xctest; sourceTree = BUILT_PRODUCTS_DIR; };
		2208C5D91BBB93500087E663 /* Info.plist */ = {isa = PBXFileReference; lastKnownFileType = text.plist.xml; path = Info.plist; sourceTree = "<group>"; };
		2208C5DA1BBB93500087E663 /* TraverseTests.swift */ = {isa = PBXFileReference; lastKnownFileType = sourcecode.swift; path = TraverseTests.swift; sourceTree = "<group>"; };
		2208C5E51BBBA4D70087E663 /* Theo.xcodeproj */ = {isa = PBXFileReference; lastKnownFileType = "wrapper.pb-project"; name = Theo.xcodeproj; path = "../neo4j-ios-master/Source/Theo/Theo.xcodeproj"; sourceTree = "<group>"; };
		2208C5F21BBBA52E0087E663 /* Relationship.swift */ = {isa = PBXFileReference; fileEncoding = 4; lastKnownFileType = sourcecode.swift; path = Relationship.swift; sourceTree = "<group>"; };
		2208C5F31BBBA52E0087E663 /* Node.swift */ = {isa = PBXFileReference; fileEncoding = 4; lastKnownFileType = sourcecode.swift; path = Node.swift; sourceTree = "<group>"; };
		2208C5F41BBBA52E0087E663 /* Cypher.swift */ = {isa = PBXFileReference; fileEncoding = 4; lastKnownFileType = sourcecode.swift; path = Cypher.swift; sourceTree = "<group>"; };
		2208C5F81BBBA5360087E663 /* Request.swift */ = {isa = PBXFileReference; fileEncoding = 4; lastKnownFileType = sourcecode.swift; path = Request.swift; sourceTree = "<group>"; };
		2208C5F91BBBA5360087E663 /* Session.swift */ = {isa = PBXFileReference; fileEncoding = 4; lastKnownFileType = sourcecode.swift; path = Session.swift; sourceTree = "<group>"; };
		2208C5FA1BBBA5360087E663 /* Client.swift */ = {isa = PBXFileReference; fileEncoding = 4; lastKnownFileType = sourcecode.swift; path = Client.swift; sourceTree = "<group>"; };
/* End PBXFileReference section */

/* Begin PBXFrameworksBuildPhase section */
		2208C5BC1BBB93500087E663 /* Frameworks */ = {
			isa = PBXFrameworksBuildPhase;
			buildActionMask = 2147483647;
			files = (
				2208C5EE1BBBA4E90087E663 /* Theo.framework in Frameworks */,
			);
			runOnlyForDeploymentPostprocessing = 0;
		};
		2208C5D11BBB93500087E663 /* Frameworks */ = {
			isa = PBXFrameworksBuildPhase;
			buildActionMask = 2147483647;
			files = (
			);
			runOnlyForDeploymentPostprocessing = 0;
		};
/* End PBXFrameworksBuildPhase section */

/* Begin PBXGroup section */
		2208C5B61BBB93500087E663 = {
			isa = PBXGroup;
			children = (
				2208C5E51BBBA4D70087E663 /* Theo.xcodeproj */,
				2208C5C11BBB93500087E663 /* Traverse */,
				2208C5F11BBBA5120087E663 /* New Group */,
				2208C5D71BBB93500087E663 /* TraverseTests */,
				2208C5C01BBB93500087E663 /* Products */,
			);
			sourceTree = "<group>";
		};
		2208C5C01BBB93500087E663 /* Products */ = {
			isa = PBXGroup;
			children = (
				2208C5BF1BBB93500087E663 /* Traverse.app */,
				2208C5D41BBB93500087E663 /* TraverseTests.xctest */,
			);
			name = Products;
			sourceTree = "<group>";
		};
		2208C5C11BBB93500087E663 /* Traverse */ = {
			isa = PBXGroup;
			children = (
				2208C5C41BBB93500087E663 /* AppDelegate.swift */,
				2208C5C61BBB93500087E663 /* StartViewController.swift */,
				2208C5C81BBB93500087E663 /* Main.storyboard */,
				2208C5CB1BBB93500087E663 /* Images.xcassets */,
				2208C5CD1BBB93500087E663 /* LaunchScreen.xib */,
				2208C5C21BBB93500087E663 /* Supporting Files */,
			);
			path = Traverse;
			sourceTree = "<group>";
		};
		2208C5C21BBB93500087E663 /* Supporting Files */ = {
			isa = PBXGroup;
			children = (
				2208C5C31BBB93500087E663 /* Info.plist */,
			);
			name = "Supporting Files";
			sourceTree = "<group>";
		};
		2208C5D71BBB93500087E663 /* TraverseTests */ = {
			isa = PBXGroup;
			children = (
				2208C5DA1BBB93500087E663 /* TraverseTests.swift */,
				2208C5D81BBB93500087E663 /* Supporting Files */,
			);
			path = TraverseTests;
			sourceTree = "<group>";
		};
		2208C5D81BBB93500087E663 /* Supporting Files */ = {
			isa = PBXGroup;
			children = (
				2208C5D91BBB93500087E663 /* Info.plist */,
			);
			name = "Supporting Files";
			sourceTree = "<group>";
		};
		2208C5E61BBBA4D70087E663 /* Products */ = {
			isa = PBXGroup;
			children = (
				2208C5EB1BBBA4D70087E663 /* Theo.framework */,
				2208C5ED1BBBA4D70087E663 /* TheoTests.xctest */,
			);
			name = Products;
			sourceTree = "<group>";
		};
		2208C5F11BBBA5120087E663 /* New Group */ = {
			isa = PBXGroup;
			children = (
				2208C5F81BBBA5360087E663 /* Request.swift */,
				2208C5F91BBBA5360087E663 /* Session.swift */,
				2208C5FA1BBBA5360087E663 /* Client.swift */,
				2208C5F21BBBA52E0087E663 /* Relationship.swift */,
				2208C5F31BBBA52E0087E663 /* Node.swift */,
				2208C5F41BBBA52E0087E663 /* Cypher.swift */,
			);
			name = "New Group";
			sourceTree = "<group>";
		};
/* End PBXGroup section */

/* Begin PBXNativeTarget section */
		2208C5BE1BBB93500087E663 /* Traverse */ = {
			isa = PBXNativeTarget;
			buildConfigurationList = 2208C5DE1BBB93500087E663 /* Build configuration list for PBXNativeTarget "Traverse" */;
			buildPhases = (
				2208C5BB1BBB93500087E663 /* Sources */,
				2208C5BC1BBB93500087E663 /* Frameworks */,
				2208C5BD1BBB93500087E663 /* Resources */,
				2208C5EF1BBBA4EE0087E663 /* Copy Frameworks */,
			);
			buildRules = (
			);
			dependencies = (
			);
			name = Traverse;
			productName = Traverse;
			productReference = 2208C5BF1BBB93500087E663 /* Traverse.app */;
			productType = "com.apple.product-type.application";
		};
		2208C5D31BBB93500087E663 /* TraverseTests */ = {
			isa = PBXNativeTarget;
			buildConfigurationList = 2208C5E11BBB93500087E663 /* Build configuration list for PBXNativeTarget "TraverseTests" */;
			buildPhases = (
				2208C5D01BBB93500087E663 /* Sources */,
				2208C5D11BBB93500087E663 /* Frameworks */,
				2208C5D21BBB93500087E663 /* Resources */,
			);
			buildRules = (
			);
			dependencies = (
				2208C5D61BBB93500087E663 /* PBXTargetDependency */,
			);
			name = TraverseTests;
			productName = TraverseTests;
			productReference = 2208C5D41BBB93500087E663 /* TraverseTests.xctest */;
			productType = "com.apple.product-type.bundle.unit-test";
		};
/* End PBXNativeTarget section */

/* Begin PBXProject section */
		2208C5B71BBB93500087E663 /* Project object */ = {
			isa = PBXProject;
			attributes = {
				LastUpgradeCheck = 0630;
				ORGANIZATIONNAME = "Samuel Wang";
				TargetAttributes = {
					2208C5BE1BBB93500087E663 = {
						CreatedOnToolsVersion = 6.3.2;
					};
					2208C5D31BBB93500087E663 = {
						CreatedOnToolsVersion = 6.3.2;
						TestTargetID = 2208C5BE1BBB93500087E663;
					};
				};
			};
			buildConfigurationList = 2208C5BA1BBB93500087E663 /* Build configuration list for PBXProject "Traverse" */;
			compatibilityVersion = "Xcode 3.2";
			developmentRegion = English;
			hasScannedForEncodings = 0;
			knownRegions = (
				en,
				Base,
			);
			mainGroup = 2208C5B61BBB93500087E663;
			productRefGroup = 2208C5C01BBB93500087E663 /* Products */;
			projectDirPath = "";
			projectReferences = (
				{
					ProductGroup = 2208C5E61BBBA4D70087E663 /* Products */;
					ProjectRef = 2208C5E51BBBA4D70087E663 /* Theo.xcodeproj */;
				},
			);
			projectRoot = "";
			targets = (
				2208C5BE1BBB93500087E663 /* Traverse */,
				2208C5D31BBB93500087E663 /* TraverseTests */,
			);
		};
/* End PBXProject section */

/* Begin PBXReferenceProxy section */
		2208C5EB1BBBA4D70087E663 /* Theo.framework */ = {
			isa = PBXReferenceProxy;
			fileType = wrapper.framework;
			path = Theo.framework;
			remoteRef = 2208C5EA1BBBA4D70087E663 /* PBXContainerItemProxy */;
			sourceTree = BUILT_PRODUCTS_DIR;
		};
		2208C5ED1BBBA4D70087E663 /* TheoTests.xctest */ = {
			isa = PBXReferenceProxy;
			fileType = wrapper.cfbundle;
			path = TheoTests.xctest;
			remoteRef = 2208C5EC1BBBA4D70087E663 /* PBXContainerItemProxy */;
			sourceTree = BUILT_PRODUCTS_DIR;
		};
/* End PBXReferenceProxy section */

/* Begin PBXResourcesBuildPhase section */
		2208C5BD1BBB93500087E663 /* Resources */ = {
			isa = PBXResourcesBuildPhase;
			buildActionMask = 2147483647;
			files = (
				2208C5CA1BBB93500087E663 /* Main.storyboard in Resources */,
				2208C5CF1BBB93500087E663 /* LaunchScreen.xib in Resources */,
				2208C5CC1BBB93500087E663 /* Images.xcassets in Resources */,
			);
			runOnlyForDeploymentPostprocessing = 0;
		};
		2208C5D21BBB93500087E663 /* Resources */ = {
			isa = PBXResourcesBuildPhase;
			buildActionMask = 2147483647;
			files = (
			);
			runOnlyForDeploymentPostprocessing = 0;
		};
/* End PBXResourcesBuildPhase section */

/* Begin PBXSourcesBuildPhase section */
		2208C5BB1BBB93500087E663 /* Sources */ = {
			isa = PBXSourcesBuildPhase;
			buildActionMask = 2147483647;
			files = (
				2208C5FC1BBBA5360087E663 /* Session.swift in Sources */,
				2208C5C71BBB93500087E663 /* StartViewController.swift in Sources */,
				2208C5FB1BBBA5360087E663 /* Request.swift in Sources */,
				2208C5F51BBBA52E0087E663 /* Relationship.swift in Sources */,
				2208C5C51BBB93500087E663 /* AppDelegate.swift in Sources */,
				2208C5F61BBBA52E0087E663 /* Node.swift in Sources */,
				2208C5FD1BBBA5360087E663 /* Client.swift in Sources */,
				2208C5F71BBBA52E0087E663 /* Cypher.swift in Sources */,
			);
			runOnlyForDeploymentPostprocessing = 0;
		};
		2208C5D01BBB93500087E663 /* Sources */ = {
			isa = PBXSourcesBuildPhase;
			buildActionMask = 2147483647;
			files = (
				2208C5DB1BBB93500087E663 /* TraverseTests.swift in Sources */,
			);
			runOnlyForDeploymentPostprocessing = 0;
		};
/* End PBXSourcesBuildPhase section */

/* Begin PBXTargetDependency section */
		2208C5D61BBB93500087E663 /* PBXTargetDependency */ = {
			isa = PBXTargetDependency;
			target = 2208C5BE1BBB93500087E663 /* Traverse */;
			targetProxy = 2208C5D51BBB93500087E663 /* PBXContainerItemProxy */;
		};
/* End PBXTargetDependency section */

/* Begin PBXVariantGroup section */
		2208C5C81BBB93500087E663 /* Main.storyboard */ = {
			isa = PBXVariantGroup;
			children = (
				2208C5C91BBB93500087E663 /* Base */,
			);
			name = Main.storyboard;
			sourceTree = "<group>";
		};
		2208C5CD1BBB93500087E663 /* LaunchScreen.xib */ = {
			isa = PBXVariantGroup;
			children = (
				2208C5CE1BBB93500087E663 /* Base */,
			);
			name = LaunchScreen.xib;
			sourceTree = "<group>";
		};
/* End PBXVariantGroup section */

/* Begin XCBuildConfiguration section */
		2208C5DC1BBB93500087E663 /* Debug */ = {
			isa = XCBuildConfiguration;
			buildSettings = {
				ALWAYS_SEARCH_USER_PATHS = NO;
				CLANG_CXX_LANGUAGE_STANDARD = "gnu++0x";
				CLANG_CXX_LIBRARY = "libc++";
				CLANG_ENABLE_MODULES = YES;
				CLANG_ENABLE_OBJC_ARC = YES;
				CLANG_WARN_BOOL_CONVERSION = YES;
				CLANG_WARN_CONSTANT_CONVERSION = YES;
				CLANG_WARN_DIRECT_OBJC_ISA_USAGE = YES_ERROR;
				CLANG_WARN_EMPTY_BODY = YES;
				CLANG_WARN_ENUM_CONVERSION = YES;
				CLANG_WARN_INT_CONVERSION = YES;
				CLANG_WARN_OBJC_ROOT_CLASS = YES_ERROR;
				CLANG_WARN_UNREACHABLE_CODE = YES;
				CLANG_WARN__DUPLICATE_METHOD_MATCH = YES;
				"CODE_SIGN_IDENTITY[sdk=iphoneos*]" = "iPhone Developer";
				COPY_PHASE_STRIP = NO;
				DEBUG_INFORMATION_FORMAT = "dwarf-with-dsym";
				ENABLE_STRICT_OBJC_MSGSEND = YES;
				GCC_C_LANGUAGE_STANDARD = gnu99;
				GCC_DYNAMIC_NO_PIC = NO;
				GCC_NO_COMMON_BLOCKS = YES;
				GCC_OPTIMIZATION_LEVEL = 0;
				GCC_PREPROCESSOR_DEFINITIONS = (
					"DEBUG=1",
					"$(inherited)",
				);
				GCC_SYMBOLS_PRIVATE_EXTERN = NO;
				GCC_WARN_64_TO_32_BIT_CONVERSION = YES;
				GCC_WARN_ABOUT_RETURN_TYPE = YES_ERROR;
				GCC_WARN_UNDECLARED_SELECTOR = YES;
				GCC_WARN_UNINITIALIZED_AUTOS = YES_AGGRESSIVE;
				GCC_WARN_UNUSED_FUNCTION = YES;
				GCC_WARN_UNUSED_VARIABLE = YES;
				IPHONEOS_DEPLOYMENT_TARGET = 8.3;
				MTL_ENABLE_DEBUG_INFO = YES;
				ONLY_ACTIVE_ARCH = YES;
				SDKROOT = iphoneos;
				SWIFT_OPTIMIZATION_LEVEL = "-Onone";
			};
			name = Debug;
		};
		2208C5DD1BBB93500087E663 /* Release */ = {
			isa = XCBuildConfiguration;
			buildSettings = {
				ALWAYS_SEARCH_USER_PATHS = NO;
				CLANG_CXX_LANGUAGE_STANDARD = "gnu++0x";
				CLANG_CXX_LIBRARY = "libc++";
				CLANG_ENABLE_MODULES = YES;
				CLANG_ENABLE_OBJC_ARC = YES;
				CLANG_WARN_BOOL_CONVERSION = YES;
				CLANG_WARN_CONSTANT_CONVERSION = YES;
				CLANG_WARN_DIRECT_OBJC_ISA_USAGE = YES_ERROR;
				CLANG_WARN_EMPTY_BODY = YES;
				CLANG_WARN_ENUM_CONVERSION = YES;
				CLANG_WARN_INT_CONVERSION = YES;
				CLANG_WARN_OBJC_ROOT_CLASS = YES_ERROR;
				CLANG_WARN_UNREACHABLE_CODE = YES;
				CLANG_WARN__DUPLICATE_METHOD_MATCH = YES;
				"CODE_SIGN_IDENTITY[sdk=iphoneos*]" = "iPhone Developer";
				COPY_PHASE_STRIP = NO;
				DEBUG_INFORMATION_FORMAT = "dwarf-with-dsym";
				ENABLE_NS_ASSERTIONS = NO;
				ENABLE_STRICT_OBJC_MSGSEND = YES;
				GCC_C_LANGUAGE_STANDARD = gnu99;
				GCC_NO_COMMON_BLOCKS = YES;
				GCC_WARN_64_TO_32_BIT_CONVERSION = YES;
				GCC_WARN_ABOUT_RETURN_TYPE = YES_ERROR;
				GCC_WARN_UNDECLARED_SELECTOR = YES;
				GCC_WARN_UNINITIALIZED_AUTOS = YES_AGGRESSIVE;
				GCC_WARN_UNUSED_FUNCTION = YES;
				GCC_WARN_UNUSED_VARIABLE = YES;
				IPHONEOS_DEPLOYMENT_TARGET = 8.3;
				MTL_ENABLE_DEBUG_INFO = NO;
				SDKROOT = iphoneos;
				VALIDATE_PRODUCT = YES;
			};
			name = Release;
		};
		2208C5DF1BBB93500087E663 /* Debug */ = {
			isa = XCBuildConfiguration;
			buildSettings = {
				ASSETCATALOG_COMPILER_APPICON_NAME = AppIcon;
				INFOPLIST_FILE = Traverse/Info.plist;
				LD_RUNPATH_SEARCH_PATHS = "$(inherited) @executable_path/Frameworks";
				PRODUCT_NAME = "$(TARGET_NAME)";
			};
			name = Debug;
		};
		2208C5E01BBB93500087E663 /* Release */ = {
			isa = XCBuildConfiguration;
			buildSettings = {
				ASSETCATALOG_COMPILER_APPICON_NAME = AppIcon;
				INFOPLIST_FILE = Traverse/Info.plist;
				LD_RUNPATH_SEARCH_PATHS = "$(inherited) @executable_path/Frameworks";
				PRODUCT_NAME = "$(TARGET_NAME)";
			};
			name = Release;
		};
		2208C5E21BBB93500087E663 /* Debug */ = {
			isa = XCBuildConfiguration;
			buildSettings = {
				BUNDLE_LOADER = "$(TEST_HOST)";
				FRAMEWORK_SEARCH_PATHS = (
					"$(SDKROOT)/Developer/Library/Frameworks",
					"$(inherited)",
				);
				GCC_PREPROCESSOR_DEFINITIONS = (
					"DEBUG=1",
					"$(inherited)",
				);
				INFOPLIST_FILE = TraverseTests/Info.plist;
				LD_RUNPATH_SEARCH_PATHS = "$(inherited) @executable_path/Frameworks @loader_path/Frameworks";
				PRODUCT_NAME = "$(TARGET_NAME)";
				TEST_HOST = "$(BUILT_PRODUCTS_DIR)/Traverse.app/Traverse";
			};
			name = Debug;
		};
		2208C5E31BBB93500087E663 /* Release */ = {
			isa = XCBuildConfiguration;
			buildSettings = {
				BUNDLE_LOADER = "$(TEST_HOST)";
				FRAMEWORK_SEARCH_PATHS = (
					"$(SDKROOT)/Developer/Library/Frameworks",
					"$(inherited)",
				);
				INFOPLIST_FILE = TraverseTests/Info.plist;
				LD_RUNPATH_SEARCH_PATHS = "$(inherited) @executable_path/Frameworks @loader_path/Frameworks";
				PRODUCT_NAME = "$(TARGET_NAME)";
				TEST_HOST = "$(BUILT_PRODUCTS_DIR)/Traverse.app/Traverse";
			};
			name = Release;
		};
/* End XCBuildConfiguration section */

/* Begin XCConfigurationList section */
		2208C5BA1BBB93500087E663 /* Build configuration list for PBXProject "Traverse" */ = {
			isa = XCConfigurationList;
			buildConfigurations = (
				2208C5DC1BBB93500087E663 /* Debug */,
				2208C5DD1BBB93500087E663 /* Release */,
			);
			defaultConfigurationIsVisible = 0;
			defaultConfigurationName = Release;
		};
		2208C5DE1BBB93500087E663 /* Build configuration list for PBXNativeTarget "Traverse" */ = {
			isa = XCConfigurationList;
			buildConfigurations = (
				2208C5DF1BBB93500087E663 /* Debug */,
				2208C5E01BBB93500087E663 /* Release */,
			);
			defaultConfigurationIsVisible = 0;
			defaultConfigurationName = Release;
		};
		2208C5E11BBB93500087E663 /* Build configuration list for PBXNativeTarget "TraverseTests" */ = {
			isa = XCConfigurationList;
			buildConfigurations = (
				2208C5E21BBB93500087E663 /* Debug */,
				2208C5E31BBB93500087E663 /* Release */,
			);
			defaultConfigurationIsVisible = 0;
			defaultConfigurationName = Release;
		};
/* End XCConfigurationList section */
	};
	rootObject = 2208C5B71BBB93500087E663 /* Project object */;
}
