// !$*UTF8*$!
{
	archiveVersion = 1;
	classes = {
	};
	objectVersion = 46;
	objects = {

/* Begin PBXBuildFile section */
		22AB3C221BDA00D000DDEEBB /* AppDelegate.swift in Sources */ = {isa = PBXBuildFile; fileRef = 22AB3C211BDA00D000DDEEBB /* AppDelegate.swift */; };
		22AB3C241BDA00D000DDEEBB /* ViewController.swift in Sources */ = {isa = PBXBuildFile; fileRef = 22AB3C231BDA00D000DDEEBB /* ViewController.swift */; };
		22AB3C271BDA00D000DDEEBB /* Main.storyboard in Resources */ = {isa = PBXBuildFile; fileRef = 22AB3C251BDA00D000DDEEBB /* Main.storyboard */; };
		22AB3C291BDA00D000DDEEBB /* Assets.xcassets in Resources */ = {isa = PBXBuildFile; fileRef = 22AB3C281BDA00D000DDEEBB /* Assets.xcassets */; };
		22AB3C2C1BDA00D000DDEEBB /* LaunchScreen.storyboard in Resources */ = {isa = PBXBuildFile; fileRef = 22AB3C2A1BDA00D000DDEEBB /* LaunchScreen.storyboard */; };
		22AB3C371BDA00D000DDEEBB /* Data3Tests.swift in Sources */ = {isa = PBXBuildFile; fileRef = 22AB3C361BDA00D000DDEEBB /* Data3Tests.swift */; };
		22AB3C421BDA00D000DDEEBB /* Data3UITests.swift in Sources */ = {isa = PBXBuildFile; fileRef = 22AB3C411BDA00D000DDEEBB /* Data3UITests.swift */; };
		22AB3C5C1BDA01AD00DDEEBB /* Theo.framework in Frameworks */ = {isa = PBXBuildFile; fileRef = 22AB3C591BDA01A300DDEEBB /* Theo.framework */; };
		22AB3C5E1BDA01BD00DDEEBB /* Theo.framework in Copy Frameworks */ = {isa = PBXBuildFile; fileRef = 22AB3C591BDA01A300DDEEBB /* Theo.framework */; settings = {ATTRIBUTES = (CodeSignOnCopy, RemoveHeadersOnCopy, ); }; };
		22AB3C621BDA01EC00DDEEBB /* Relationship.swift in Sources */ = {isa = PBXBuildFile; fileRef = 22AB3C5F1BDA01EC00DDEEBB /* Relationship.swift */; };
		22AB3C631BDA01EC00DDEEBB /* Node.swift in Sources */ = {isa = PBXBuildFile; fileRef = 22AB3C601BDA01EC00DDEEBB /* Node.swift */; };
		22AB3C641BDA01EC00DDEEBB /* Cypher.swift in Sources */ = {isa = PBXBuildFile; fileRef = 22AB3C611BDA01EC00DDEEBB /* Cypher.swift */; };
		22AB3C681BDA01F400DDEEBB /* Request.swift in Sources */ = {isa = PBXBuildFile; fileRef = 22AB3C651BDA01F400DDEEBB /* Request.swift */; };
		22AB3C691BDA01F400DDEEBB /* Session.swift in Sources */ = {isa = PBXBuildFile; fileRef = 22AB3C661BDA01F400DDEEBB /* Session.swift */; };
		22AB3C6A1BDA01F400DDEEBB /* Client.swift in Sources */ = {isa = PBXBuildFile; fileRef = 22AB3C671BDA01F400DDEEBB /* Client.swift */; };
/* End PBXBuildFile section */

/* Begin PBXContainerItemProxy section */
		22AB3C331BDA00D000DDEEBB /* PBXContainerItemProxy */ = {
			isa = PBXContainerItemProxy;
			containerPortal = 22AB3C161BDA00CF00DDEEBB /* Project object */;
			proxyType = 1;
			remoteGlobalIDString = 22AB3C1D1BDA00CF00DDEEBB;
			remoteInfo = Data3;
		};
		22AB3C3E1BDA00D000DDEEBB /* PBXContainerItemProxy */ = {
			isa = PBXContainerItemProxy;
			containerPortal = 22AB3C161BDA00CF00DDEEBB /* Project object */;
			proxyType = 1;
			remoteGlobalIDString = 22AB3C1D1BDA00CF00DDEEBB;
			remoteInfo = Data3;
		};
		22AB3C581BDA01A300DDEEBB /* PBXContainerItemProxy */ = {
			isa = PBXContainerItemProxy;
			containerPortal = 22AB3C531BDA01A200DDEEBB /* Theo.xcodeproj */;
			proxyType = 2;
			remoteGlobalIDString = 01FB2CC019C7DAB800D429E7;
			remoteInfo = Theo;
		};
		22AB3C5A1BDA01A300DDEEBB /* PBXContainerItemProxy */ = {
			isa = PBXContainerItemProxy;
			containerPortal = 22AB3C531BDA01A200DDEEBB /* Theo.xcodeproj */;
			proxyType = 2;
			remoteGlobalIDString = 01FB2CCB19C7DAB800D429E7;
			remoteInfo = TheoTests;
		};
/* End PBXContainerItemProxy section */

/* Begin PBXCopyFilesBuildPhase section */
		22AB3C5D1BDA01B200DDEEBB /* Copy Frameworks */ = {
			isa = PBXCopyFilesBuildPhase;
			buildActionMask = 2147483647;
			dstPath = "";
			dstSubfolderSpec = 10;
			files = (
				22AB3C5E1BDA01BD00DDEEBB /* Theo.framework in Copy Frameworks */,
			);
			name = "Copy Frameworks";
			runOnlyForDeploymentPostprocessing = 0;
		};
/* End PBXCopyFilesBuildPhase section */

/* Begin PBXFileReference section */
		22AB3C1E1BDA00D000DDEEBB /* Data3.app */ = {isa = PBXFileReference; explicitFileType = wrapper.application; includeInIndex = 0; path = Data3.app; sourceTree = BUILT_PRODUCTS_DIR; };
		22AB3C211BDA00D000DDEEBB /* AppDelegate.swift */ = {isa = PBXFileReference; lastKnownFileType = sourcecode.swift; path = AppDelegate.swift; sourceTree = "<group>"; };
		22AB3C231BDA00D000DDEEBB /* ViewController.swift */ = {isa = PBXFileReference; lastKnownFileType = sourcecode.swift; path = ViewController.swift; sourceTree = "<group>"; };
		22AB3C261BDA00D000DDEEBB /* Base */ = {isa = PBXFileReference; lastKnownFileType = file.storyboard; name = Base; path = Base.lproj/Main.storyboard; sourceTree = "<group>"; };
		22AB3C281BDA00D000DDEEBB /* Assets.xcassets */ = {isa = PBXFileReference; lastKnownFileType = folder.assetcatalog; path = Assets.xcassets; sourceTree = "<group>"; };
		22AB3C2B1BDA00D000DDEEBB /* Base */ = {isa = PBXFileReference; lastKnownFileType = file.storyboard; name = Base; path = Base.lproj/LaunchScreen.storyboard; sourceTree = "<group>"; };
		22AB3C2D1BDA00D000DDEEBB /* Info.plist */ = {isa = PBXFileReference; lastKnownFileType = text.plist.xml; path = Info.plist; sourceTree = "<group>"; };
		22AB3C321BDA00D000DDEEBB /* Data3Tests.xctest */ = {isa = PBXFileReference; explicitFileType = wrapper.cfbundle; includeInIndex = 0; path = Data3Tests.xctest; sourceTree = BUILT_PRODUCTS_DIR; };
		22AB3C361BDA00D000DDEEBB /* Data3Tests.swift */ = {isa = PBXFileReference; lastKnownFileType = sourcecode.swift; path = Data3Tests.swift; sourceTree = "<group>"; };
		22AB3C381BDA00D000DDEEBB /* Info.plist */ = {isa = PBXFileReference; lastKnownFileType = text.plist.xml; path = Info.plist; sourceTree = "<group>"; };
		22AB3C3D1BDA00D000DDEEBB /* Data3UITests.xctest */ = {isa = PBXFileReference; explicitFileType = wrapper.cfbundle; includeInIndex = 0; path = Data3UITests.xctest; sourceTree = BUILT_PRODUCTS_DIR; };
		22AB3C411BDA00D000DDEEBB /* Data3UITests.swift */ = {isa = PBXFileReference; lastKnownFileType = sourcecode.swift; path = Data3UITests.swift; sourceTree = "<group>"; };
		22AB3C431BDA00D000DDEEBB /* Info.plist */ = {isa = PBXFileReference; lastKnownFileType = text.plist.xml; path = Info.plist; sourceTree = "<group>"; };
		22AB3C531BDA01A200DDEEBB /* Theo.xcodeproj */ = {isa = PBXFileReference; lastKnownFileType = "wrapper.pb-project"; name = Theo.xcodeproj; path = "../../Downloads/neo4j-ios-master 4/Source/Theo/Theo.xcodeproj"; sourceTree = "<group>"; };
		22AB3C5F1BDA01EC00DDEEBB /* Relationship.swift */ = {isa = PBXFileReference; fileEncoding = 4; lastKnownFileType = sourcecode.swift; path = Relationship.swift; sourceTree = "<group>"; };
		22AB3C601BDA01EC00DDEEBB /* Node.swift */ = {isa = PBXFileReference; fileEncoding = 4; lastKnownFileType = sourcecode.swift; path = Node.swift; sourceTree = "<group>"; };
		22AB3C611BDA01EC00DDEEBB /* Cypher.swift */ = {isa = PBXFileReference; fileEncoding = 4; lastKnownFileType = sourcecode.swift; path = Cypher.swift; sourceTree = "<group>"; };
		22AB3C651BDA01F400DDEEBB /* Request.swift */ = {isa = PBXFileReference; fileEncoding = 4; lastKnownFileType = sourcecode.swift; path = Request.swift; sourceTree = "<group>"; };
		22AB3C661BDA01F400DDEEBB /* Session.swift */ = {isa = PBXFileReference; fileEncoding = 4; lastKnownFileType = sourcecode.swift; path = Session.swift; sourceTree = "<group>"; };
		22AB3C671BDA01F400DDEEBB /* Client.swift */ = {isa = PBXFileReference; fileEncoding = 4; lastKnownFileType = sourcecode.swift; path = Client.swift; sourceTree = "<group>"; };
/* End PBXFileReference section */

/* Begin PBXFrameworksBuildPhase section */
		22AB3C1B1BDA00CF00DDEEBB /* Frameworks */ = {
			isa = PBXFrameworksBuildPhase;
			buildActionMask = 2147483647;
			files = (
				22AB3C5C1BDA01AD00DDEEBB /* Theo.framework in Frameworks */,
			);
			runOnlyForDeploymentPostprocessing = 0;
		};
		22AB3C2F1BDA00D000DDEEBB /* Frameworks */ = {
			isa = PBXFrameworksBuildPhase;
			buildActionMask = 2147483647;
			files = (
			);
			runOnlyForDeploymentPostprocessing = 0;
		};
		22AB3C3A1BDA00D000DDEEBB /* Frameworks */ = {
			isa = PBXFrameworksBuildPhase;
			buildActionMask = 2147483647;
			files = (
			);
			runOnlyForDeploymentPostprocessing = 0;
		};
/* End PBXFrameworksBuildPhase section */

/* Begin PBXGroup section */
		22AB3C151BDA00CF00DDEEBB = {
			isa = PBXGroup;
			children = (
				22AB3C531BDA01A200DDEEBB /* Theo.xcodeproj */,
				22AB3C201BDA00D000DDEEBB /* Data3 */,
				22AB3C351BDA00D000DDEEBB /* Data3Tests */,
				22AB3C401BDA00D000DDEEBB /* Data3UITests */,
				22AB3C1F1BDA00D000DDEEBB /* Products */,
			);
			sourceTree = "<group>";
		};
		22AB3C1F1BDA00D000DDEEBB /* Products */ = {
			isa = PBXGroup;
			children = (
				22AB3C1E1BDA00D000DDEEBB /* Data3.app */,
				22AB3C321BDA00D000DDEEBB /* Data3Tests.xctest */,
				22AB3C3D1BDA00D000DDEEBB /* Data3UITests.xctest */,
			);
			name = Products;
			sourceTree = "<group>";
		};
		22AB3C201BDA00D000DDEEBB /* Data3 */ = {
			isa = PBXGroup;
			children = (
				22AB3C651BDA01F400DDEEBB /* Request.swift */,
				22AB3C661BDA01F400DDEEBB /* Session.swift */,
				22AB3C671BDA01F400DDEEBB /* Client.swift */,
				22AB3C5F1BDA01EC00DDEEBB /* Relationship.swift */,
				22AB3C601BDA01EC00DDEEBB /* Node.swift */,
				22AB3C611BDA01EC00DDEEBB /* Cypher.swift */,
				22AB3C211BDA00D000DDEEBB /* AppDelegate.swift */,
				22AB3C231BDA00D000DDEEBB /* ViewController.swift */,
				22AB3C251BDA00D000DDEEBB /* Main.storyboard */,
				22AB3C281BDA00D000DDEEBB /* Assets.xcassets */,
				22AB3C2A1BDA00D000DDEEBB /* LaunchScreen.storyboard */,
				22AB3C2D1BDA00D000DDEEBB /* Info.plist */,
			);
			path = Data3;
			sourceTree = "<group>";
		};
		22AB3C351BDA00D000DDEEBB /* Data3Tests */ = {
			isa = PBXGroup;
			children = (
				22AB3C361BDA00D000DDEEBB /* Data3Tests.swift */,
				22AB3C381BDA00D000DDEEBB /* Info.plist */,
			);
			path = Data3Tests;
			sourceTree = "<group>";
		};
		22AB3C401BDA00D000DDEEBB /* Data3UITests */ = {
			isa = PBXGroup;
			children = (
				22AB3C411BDA00D000DDEEBB /* Data3UITests.swift */,
				22AB3C431BDA00D000DDEEBB /* Info.plist */,
			);
			path = Data3UITests;
			sourceTree = "<group>";
		};
		22AB3C541BDA01A200DDEEBB /* Products */ = {
			isa = PBXGroup;
			children = (
				22AB3C591BDA01A300DDEEBB /* Theo.framework */,
				22AB3C5B1BDA01A300DDEEBB /* TheoTests.xctest */,
			);
			name = Products;
			sourceTree = "<group>";
		};
/* End PBXGroup section */

/* Begin PBXNativeTarget section */
		22AB3C1D1BDA00CF00DDEEBB /* Data3 */ = {
			isa = PBXNativeTarget;
			buildConfigurationList = 22AB3C461BDA00D000DDEEBB /* Build configuration list for PBXNativeTarget "Data3" */;
			buildPhases = (
				22AB3C1A1BDA00CF00DDEEBB /* Sources */,
				22AB3C1B1BDA00CF00DDEEBB /* Frameworks */,
				22AB3C1C1BDA00CF00DDEEBB /* Resources */,
				22AB3C5D1BDA01B200DDEEBB /* Copy Frameworks */,
			);
			buildRules = (
			);
			dependencies = (
			);
			name = Data3;
			productName = Data3;
			productReference = 22AB3C1E1BDA00D000DDEEBB /* Data3.app */;
			productType = "com.apple.product-type.application";
		};
		22AB3C311BDA00D000DDEEBB /* Data3Tests */ = {
			isa = PBXNativeTarget;
			buildConfigurationList = 22AB3C491BDA00D000DDEEBB /* Build configuration list for PBXNativeTarget "Data3Tests" */;
			buildPhases = (
				22AB3C2E1BDA00D000DDEEBB /* Sources */,
				22AB3C2F1BDA00D000DDEEBB /* Frameworks */,
				22AB3C301BDA00D000DDEEBB /* Resources */,
			);
			buildRules = (
			);
			dependencies = (
				22AB3C341BDA00D000DDEEBB /* PBXTargetDependency */,
			);
			name = Data3Tests;
			productName = Data3Tests;
			productReference = 22AB3C321BDA00D000DDEEBB /* Data3Tests.xctest */;
			productType = "com.apple.product-type.bundle.unit-test";
		};
		22AB3C3C1BDA00D000DDEEBB /* Data3UITests */ = {
			isa = PBXNativeTarget;
			buildConfigurationList = 22AB3C4C1BDA00D000DDEEBB /* Build configuration list for PBXNativeTarget "Data3UITests" */;
			buildPhases = (
				22AB3C391BDA00D000DDEEBB /* Sources */,
				22AB3C3A1BDA00D000DDEEBB /* Frameworks */,
				22AB3C3B1BDA00D000DDEEBB /* Resources */,
			);
			buildRules = (
			);
			dependencies = (
				22AB3C3F1BDA00D000DDEEBB /* PBXTargetDependency */,
			);
			name = Data3UITests;
			productName = Data3UITests;
			productReference = 22AB3C3D1BDA00D000DDEEBB /* Data3UITests.xctest */;
			productType = "com.apple.product-type.bundle.ui-testing";
		};
/* End PBXNativeTarget section */

/* Begin PBXProject section */
		22AB3C161BDA00CF00DDEEBB /* Project object */ = {
			isa = PBXProject;
			attributes = {
				LastSwiftUpdateCheck = 0710;
				LastUpgradeCheck = 0710;
				ORGANIZATIONNAME = "Samuel Wang";
				TargetAttributes = {
					22AB3C1D1BDA00CF00DDEEBB = {
						CreatedOnToolsVersion = 7.1;
					};
					22AB3C311BDA00D000DDEEBB = {
						CreatedOnToolsVersion = 7.1;
						TestTargetID = 22AB3C1D1BDA00CF00DDEEBB;
					};
					22AB3C3C1BDA00D000DDEEBB = {
						CreatedOnToolsVersion = 7.1;
						TestTargetID = 22AB3C1D1BDA00CF00DDEEBB;
					};
				};
			};
			buildConfigurationList = 22AB3C191BDA00CF00DDEEBB /* Build configuration list for PBXProject "Data3" */;
			compatibilityVersion = "Xcode 3.2";
			developmentRegion = English;
			hasScannedForEncodings = 0;
			knownRegions = (
				en,
				Base,
			);
			mainGroup = 22AB3C151BDA00CF00DDEEBB;
			productRefGroup = 22AB3C1F1BDA00D000DDEEBB /* Products */;
			projectDirPath = "";
			projectReferences = (
				{
					ProductGroup = 22AB3C541BDA01A200DDEEBB /* Products */;
					ProjectRef = 22AB3C531BDA01A200DDEEBB /* Theo.xcodeproj */;
				},
			);
			projectRoot = "";
			targets = (
				22AB3C1D1BDA00CF00DDEEBB /* Data3 */,
				22AB3C311BDA00D000DDEEBB /* Data3Tests */,
				22AB3C3C1BDA00D000DDEEBB /* Data3UITests */,
			);
		};
/* End PBXProject section */

/* Begin PBXReferenceProxy section */
		22AB3C591BDA01A300DDEEBB /* Theo.framework */ = {
			isa = PBXReferenceProxy;
			fileType = wrapper.framework;
			path = Theo.framework;
			remoteRef = 22AB3C581BDA01A300DDEEBB /* PBXContainerItemProxy */;
			sourceTree = BUILT_PRODUCTS_DIR;
		};
		22AB3C5B1BDA01A300DDEEBB /* TheoTests.xctest */ = {
			isa = PBXReferenceProxy;
			fileType = wrapper.cfbundle;
			path = TheoTests.xctest;
			remoteRef = 22AB3C5A1BDA01A300DDEEBB /* PBXContainerItemProxy */;
			sourceTree = BUILT_PRODUCTS_DIR;
		};
/* End PBXReferenceProxy section */

/* Begin PBXResourcesBuildPhase section */
		22AB3C1C1BDA00CF00DDEEBB /* Resources */ = {
			isa = PBXResourcesBuildPhase;
			buildActionMask = 2147483647;
			files = (
				22AB3C2C1BDA00D000DDEEBB /* LaunchScreen.storyboard in Resources */,
				22AB3C291BDA00D000DDEEBB /* Assets.xcassets in Resources */,
				22AB3C271BDA00D000DDEEBB /* Main.storyboard in Resources */,
			);
			runOnlyForDeploymentPostprocessing = 0;
		};
		22AB3C301BDA00D000DDEEBB /* Resources */ = {
			isa = PBXResourcesBuildPhase;
			buildActionMask = 2147483647;
			files = (
			);
			runOnlyForDeploymentPostprocessing = 0;
		};
		22AB3C3B1BDA00D000DDEEBB /* Resources */ = {
			isa = PBXResourcesBuildPhase;
			buildActionMask = 2147483647;
			files = (
			);
			runOnlyForDeploymentPostprocessing = 0;
		};
/* End PBXResourcesBuildPhase section */

/* Begin PBXSourcesBuildPhase section */
		22AB3C1A1BDA00CF00DDEEBB /* Sources */ = {
			isa = PBXSourcesBuildPhase;
			buildActionMask = 2147483647;
			files = (
				22AB3C691BDA01F400DDEEBB /* Session.swift in Sources */,
				22AB3C241BDA00D000DDEEBB /* ViewController.swift in Sources */,
				22AB3C681BDA01F400DDEEBB /* Request.swift in Sources */,
				22AB3C621BDA01EC00DDEEBB /* Relationship.swift in Sources */,
				22AB3C221BDA00D000DDEEBB /* AppDelegate.swift in Sources */,
				22AB3C631BDA01EC00DDEEBB /* Node.swift in Sources */,
				22AB3C6A1BDA01F400DDEEBB /* Client.swift in Sources */,
				22AB3C641BDA01EC00DDEEBB /* Cypher.swift in Sources */,
			);
			runOnlyForDeploymentPostprocessing = 0;
		};
		22AB3C2E1BDA00D000DDEEBB /* Sources */ = {
			isa = PBXSourcesBuildPhase;
			buildActionMask = 2147483647;
			files = (
				22AB3C371BDA00D000DDEEBB /* Data3Tests.swift in Sources */,
			);
			runOnlyForDeploymentPostprocessing = 0;
		};
		22AB3C391BDA00D000DDEEBB /* Sources */ = {
			isa = PBXSourcesBuildPhase;
			buildActionMask = 2147483647;
			files = (
				22AB3C421BDA00D000DDEEBB /* Data3UITests.swift in Sources */,
			);
			runOnlyForDeploymentPostprocessing = 0;
		};
/* End PBXSourcesBuildPhase section */

/* Begin PBXTargetDependency section */
		22AB3C341BDA00D000DDEEBB /* PBXTargetDependency */ = {
			isa = PBXTargetDependency;
			target = 22AB3C1D1BDA00CF00DDEEBB /* Data3 */;
			targetProxy = 22AB3C331BDA00D000DDEEBB /* PBXContainerItemProxy */;
		};
		22AB3C3F1BDA00D000DDEEBB /* PBXTargetDependency */ = {
			isa = PBXTargetDependency;
			target = 22AB3C1D1BDA00CF00DDEEBB /* Data3 */;
			targetProxy = 22AB3C3E1BDA00D000DDEEBB /* PBXContainerItemProxy */;
		};
/* End PBXTargetDependency section */

/* Begin PBXVariantGroup section */
		22AB3C251BDA00D000DDEEBB /* Main.storyboard */ = {
			isa = PBXVariantGroup;
			children = (
				22AB3C261BDA00D000DDEEBB /* Base */,
			);
			name = Main.storyboard;
			sourceTree = "<group>";
		};
		22AB3C2A1BDA00D000DDEEBB /* LaunchScreen.storyboard */ = {
			isa = PBXVariantGroup;
			children = (
				22AB3C2B1BDA00D000DDEEBB /* Base */,
			);
			name = LaunchScreen.storyboard;
			sourceTree = "<group>";
		};
/* End PBXVariantGroup section */

/* Begin XCBuildConfiguration section */
		22AB3C441BDA00D000DDEEBB /* Debug */ = {
			isa = XCBuildConfiguration;
			buildSettings = {
				ALWAYS_SEARCH_USER_PATHS = NO;
				CLANG_CXX_LANGUAGE_STANDARD = "gnu++0x";
				CLANG_CXX_LIBRARY = "libc++";
				CLANG_ENABLE_MODULES = YES;
				CLANG_ENABLE_OBJC_ARC = YES;
				CLANG_WARN_BOOL_CONVERSION = YES;
				CLANG_WARN_CONSTANT_CONVERSION = YES;
				CLANG_WARN_DIRECT_OBJC_ISA_USAGE = YES_ERROR;
				CLANG_WARN_EMPTY_BODY = YES;
				CLANG_WARN_ENUM_CONVERSION = YES;
				CLANG_WARN_INT_CONVERSION = YES;
				CLANG_WARN_OBJC_ROOT_CLASS = YES_ERROR;
				CLANG_WARN_UNREACHABLE_CODE = YES;
				CLANG_WARN__DUPLICATE_METHOD_MATCH = YES;
				"CODE_SIGN_IDENTITY[sdk=iphoneos*]" = "iPhone Developer";
				COPY_PHASE_STRIP = NO;
				DEBUG_INFORMATION_FORMAT = dwarf;
				ENABLE_STRICT_OBJC_MSGSEND = YES;
				ENABLE_TESTABILITY = YES;
				GCC_C_LANGUAGE_STANDARD = gnu99;
				GCC_DYNAMIC_NO_PIC = NO;
				GCC_NO_COMMON_BLOCKS = YES;
				GCC_OPTIMIZATION_LEVEL = 0;
				GCC_PREPROCESSOR_DEFINITIONS = (
					"DEBUG=1",
					"$(inherited)",
				);
				GCC_WARN_64_TO_32_BIT_CONVERSION = YES;
				GCC_WARN_ABOUT_RETURN_TYPE = YES_ERROR;
				GCC_WARN_UNDECLARED_SELECTOR = YES;
				GCC_WARN_UNINITIALIZED_AUTOS = YES_AGGRESSIVE;
				GCC_WARN_UNUSED_FUNCTION = YES;
				GCC_WARN_UNUSED_VARIABLE = YES;
				IPHONEOS_DEPLOYMENT_TARGET = 9.1;
				MTL_ENABLE_DEBUG_INFO = YES;
				ONLY_ACTIVE_ARCH = YES;
				SDKROOT = iphoneos;
				SWIFT_OPTIMIZATION_LEVEL = "-Onone";
			};
			name = Debug;
		};
		22AB3C451BDA00D000DDEEBB /* Release */ = {
			isa = XCBuildConfiguration;
			buildSettings = {
				ALWAYS_SEARCH_USER_PATHS = NO;
				CLANG_CXX_LANGUAGE_STANDARD = "gnu++0x";
				CLANG_CXX_LIBRARY = "libc++";
				CLANG_ENABLE_MODULES = YES;
				CLANG_ENABLE_OBJC_ARC = YES;
				CLANG_WARN_BOOL_CONVERSION = YES;
				CLANG_WARN_CONSTANT_CONVERSION = YES;
				CLANG_WARN_DIRECT_OBJC_ISA_USAGE = YES_ERROR;
				CLANG_WARN_EMPTY_BODY = YES;
				CLANG_WARN_ENUM_CONVERSION = YES;
				CLANG_WARN_INT_CONVERSION = YES;
				CLANG_WARN_OBJC_ROOT_CLASS = YES_ERROR;
				CLANG_WARN_UNREACHABLE_CODE = YES;
				CLANG_WARN__DUPLICATE_METHOD_MATCH = YES;
				"CODE_SIGN_IDENTITY[sdk=iphoneos*]" = "iPhone Developer";
				COPY_PHASE_STRIP = NO;
				DEBUG_INFORMATION_FORMAT = "dwarf-with-dsym";
				ENABLE_NS_ASSERTIONS = NO;
				ENABLE_STRICT_OBJC_MSGSEND = YES;
				GCC_C_LANGUAGE_STANDARD = gnu99;
				GCC_NO_COMMON_BLOCKS = YES;
				GCC_WARN_64_TO_32_BIT_CONVERSION = YES;
				GCC_WARN_ABOUT_RETURN_TYPE = YES_ERROR;
				GCC_WARN_UNDECLARED_SELECTOR = YES;
				GCC_WARN_UNINITIALIZED_AUTOS = YES_AGGRESSIVE;
				GCC_WARN_UNUSED_FUNCTION = YES;
				GCC_WARN_UNUSED_VARIABLE = YES;
				IPHONEOS_DEPLOYMENT_TARGET = 9.1;
				MTL_ENABLE_DEBUG_INFO = NO;
				SDKROOT = iphoneos;
				VALIDATE_PRODUCT = YES;
			};
			name = Release;
		};
		22AB3C471BDA00D000DDEEBB /* Debug */ = {
			isa = XCBuildConfiguration;
			buildSettings = {
				ASSETCATALOG_COMPILER_APPICON_NAME = AppIcon;
				INFOPLIST_FILE = Data3/Info.plist;
				LD_RUNPATH_SEARCH_PATHS = "$(inherited) @executable_path/Frameworks";
				PRODUCT_BUNDLE_IDENTIFIER = com.samwang.Data3;
				PRODUCT_NAME = "$(TARGET_NAME)";
			};
			name = Debug;
		};
		22AB3C481BDA00D000DDEEBB /* Release */ = {
			isa = XCBuildConfiguration;
			buildSettings = {
				ASSETCATALOG_COMPILER_APPICON_NAME = AppIcon;
				INFOPLIST_FILE = Data3/Info.plist;
				LD_RUNPATH_SEARCH_PATHS = "$(inherited) @executable_path/Frameworks";
				PRODUCT_BUNDLE_IDENTIFIER = com.samwang.Data3;
				PRODUCT_NAME = "$(TARGET_NAME)";
			};
			name = Release;
		};
		22AB3C4A1BDA00D000DDEEBB /* Debug */ = {
			isa = XCBuildConfiguration;
			buildSettings = {
				BUNDLE_LOADER = "$(TEST_HOST)";
				INFOPLIST_FILE = Data3Tests/Info.plist;
				LD_RUNPATH_SEARCH_PATHS = "$(inherited) @executable_path/Frameworks @loader_path/Frameworks";
				PRODUCT_BUNDLE_IDENTIFIER = com.samwang.Data3Tests;
				PRODUCT_NAME = "$(TARGET_NAME)";
				TEST_HOST = "$(BUILT_PRODUCTS_DIR)/Data3.app/Data3";
			};
			name = Debug;
		};
		22AB3C4B1BDA00D000DDEEBB /* Release */ = {
			isa = XCBuildConfiguration;
			buildSettings = {
				BUNDLE_LOADER = "$(TEST_HOST)";
				INFOPLIST_FILE = Data3Tests/Info.plist;
				LD_RUNPATH_SEARCH_PATHS = "$(inherited) @executable_path/Frameworks @loader_path/Frameworks";
				PRODUCT_BUNDLE_IDENTIFIER = com.samwang.Data3Tests;
				PRODUCT_NAME = "$(TARGET_NAME)";
				TEST_HOST = "$(BUILT_PRODUCTS_DIR)/Data3.app/Data3";
			};
			name = Release;
		};
		22AB3C4D1BDA00D000DDEEBB /* Debug */ = {
			isa = XCBuildConfiguration;
			buildSettings = {
				INFOPLIST_FILE = Data3UITests/Info.plist;
				LD_RUNPATH_SEARCH_PATHS = "$(inherited) @executable_path/Frameworks @loader_path/Frameworks";
				PRODUCT_BUNDLE_IDENTIFIER = com.samwang.Data3UITests;
				PRODUCT_NAME = "$(TARGET_NAME)";
				TEST_TARGET_NAME = Data3;
				USES_XCTRUNNER = YES;
			};
			name = Debug;
		};
		22AB3C4E1BDA00D000DDEEBB /* Release */ = {
			isa = XCBuildConfiguration;
			buildSettings = {
				INFOPLIST_FILE = Data3UITests/Info.plist;
				LD_RUNPATH_SEARCH_PATHS = "$(inherited) @executable_path/Frameworks @loader_path/Frameworks";
				PRODUCT_BUNDLE_IDENTIFIER = com.samwang.Data3UITests;
				PRODUCT_NAME = "$(TARGET_NAME)";
				TEST_TARGET_NAME = Data3;
				USES_XCTRUNNER = YES;
			};
			name = Release;
		};
/* End XCBuildConfiguration section */

/* Begin XCConfigurationList section */
		22AB3C191BDA00CF00DDEEBB /* Build configuration list for PBXProject "Data3" */ = {
			isa = XCConfigurationList;
			buildConfigurations = (
				22AB3C441BDA00D000DDEEBB /* Debug */,
				22AB3C451BDA00D000DDEEBB /* Release */,
			);
			defaultConfigurationIsVisible = 0;
			defaultConfigurationName = Release;
		};
		22AB3C461BDA00D000DDEEBB /* Build configuration list for PBXNativeTarget "Data3" */ = {
			isa = XCConfigurationList;
			buildConfigurations = (
				22AB3C471BDA00D000DDEEBB /* Debug */,
				22AB3C481BDA00D000DDEEBB /* Release */,
			);
			defaultConfigurationIsVisible = 0;
			defaultConfigurationName = Release;
		};
		22AB3C491BDA00D000DDEEBB /* Build configuration list for PBXNativeTarget "Data3Tests" */ = {
			isa = XCConfigurationList;
			buildConfigurations = (
				22AB3C4A1BDA00D000DDEEBB /* Debug */,
				22AB3C4B1BDA00D000DDEEBB /* Release */,
			);
			defaultConfigurationIsVisible = 0;
			defaultConfigurationName = Release;
		};
		22AB3C4C1BDA00D000DDEEBB /* Build configuration list for PBXNativeTarget "Data3UITests" */ = {
			isa = XCConfigurationList;
			buildConfigurations = (
				22AB3C4D1BDA00D000DDEEBB /* Debug */,
				22AB3C4E1BDA00D000DDEEBB /* Release */,
			);
			defaultConfigurationIsVisible = 0;
			defaultConfigurationName = Release;
		};
/* End XCConfigurationList section */
	};
	rootObject = 22AB3C161BDA00CF00DDEEBB /* Project object */;
}
